// !$*UTF8*$!
{
	archiveVersion = 1;
	classes = {
	};
	objectVersion = 46;
	objects = {

/* Begin PBXBuildFile section */
		85119BF31A10EE1800671C9F /* main.m in Sources */ = {isa = PBXBuildFile; fileRef = 85119BF21A10EE1800671C9F /* main.m */; };
		85119BF61A10EE1800671C9F /* AppDelegate.m in Sources */ = {isa = PBXBuildFile; fileRef = 85119BF51A10EE1800671C9F /* AppDelegate.m */; };
		85119BF91A10EE1800671C9F /* ViewController.m in Sources */ = {isa = PBXBuildFile; fileRef = 85119BF81A10EE1800671C9F /* ViewController.m */; };
		85119BFC1A10EE1800671C9F /* Main.storyboard in Resources */ = {isa = PBXBuildFile; fileRef = 85119BFA1A10EE1800671C9F /* Main.storyboard */; };
		85119BFE1A10EE1800671C9F /* Images.xcassets in Resources */ = {isa = PBXBuildFile; fileRef = 85119BFD1A10EE1800671C9F /* Images.xcassets */; };
		85119C011A10EE1800671C9F /* LaunchScreen.xib in Resources */ = {isa = PBXBuildFile; fileRef = 85119BFF1A10EE1800671C9F /* LaunchScreen.xib */; };
		85119C0D1A10EE1800671C9F /* HugoAppTests.m in Sources */ = {isa = PBXBuildFile; fileRef = 85119C0C1A10EE1800671C9F /* HugoAppTests.m */; };
/* End PBXBuildFile section */

/* Begin PBXContainerItemProxy section */
		85119C071A10EE1800671C9F /* PBXContainerItemProxy */ = {
			isa = PBXContainerItemProxy;
			containerPortal = 85119BE51A10EE1800671C9F /* Project object */;
			proxyType = 1;
			remoteGlobalIDString = 85119BEC1A10EE1800671C9F;
			remoteInfo = HugoApp;
		};
/* End PBXContainerItemProxy section */

/* Begin PBXFileReference section */
		85119BED1A10EE1800671C9F /* HugoApp.app */ = {isa = PBXFileReference; explicitFileType = wrapper.application; includeInIndex = 0; path = HugoApp.app; sourceTree = BUILT_PRODUCTS_DIR; };
		85119BF11A10EE1800671C9F /* Info.plist */ = {isa = PBXFileReference; lastKnownFileType = text.plist.xml; path = Info.plist; sourceTree = "<group>"; };
		85119BF21A10EE1800671C9F /* main.m */ = {isa = PBXFileReference; lastKnownFileType = sourcecode.c.objc; path = main.m; sourceTree = "<group>"; };
		85119BF41A10EE1800671C9F /* AppDelegate.h */ = {isa = PBXFileReference; lastKnownFileType = sourcecode.c.h; path = AppDelegate.h; sourceTree = "<group>"; };
		85119BF51A10EE1800671C9F /* AppDelegate.m */ = {isa = PBXFileReference; lastKnownFileType = sourcecode.c.objc; path = AppDelegate.m; sourceTree = "<group>"; };
		85119BF71A10EE1800671C9F /* ViewController.h */ = {isa = PBXFileReference; lastKnownFileType = sourcecode.c.h; path = ViewController.h; sourceTree = "<group>"; };
		85119BF81A10EE1800671C9F /* ViewController.m */ = {isa = PBXFileReference; lastKnownFileType = sourcecode.c.objc; path = ViewController.m; sourceTree = "<group>"; };
		85119BFB1A10EE1800671C9F /* Base */ = {isa = PBXFileReference; lastKnownFileType = file.storyboard; name = Base; path = Base.lproj/Main.storyboard; sourceTree = "<group>"; };
		85119BFD1A10EE1800671C9F /* Images.xcassets */ = {isa = PBXFileReference; lastKnownFileType = folder.assetcatalog; path = Images.xcassets; sourceTree = "<group>"; };
		85119C001A10EE1800671C9F /* Base */ = {isa = PBXFileReference; lastKnownFileType = file.xib; name = Base; path = Base.lproj/LaunchScreen.xib; sourceTree = "<group>"; };
		85119C061A10EE1800671C9F /* HugoAppTests.xctest */ = {isa = PBXFileReference; explicitFileType = wrapper.cfbundle; includeInIndex = 0; path = HugoAppTests.xctest; sourceTree = BUILT_PRODUCTS_DIR; };
		85119C0B1A10EE1800671C9F /* Info.plist */ = {isa = PBXFileReference; lastKnownFileType = text.plist.xml; path = Info.plist; sourceTree = "<group>"; };
		85119C0C1A10EE1800671C9F /* HugoAppTests.m */ = {isa = PBXFileReference; lastKnownFileType = sourcecode.c.objc; path = HugoAppTests.m; sourceTree = "<group>"; };
/* End PBXFileReference section */

/* Begin PBXFrameworksBuildPhase section */
		85119BEA1A10EE1800671C9F /* Frameworks */ = {
			isa = PBXFrameworksBuildPhase;
			buildActionMask = 2147483647;
			files = (
			);
			runOnlyForDeploymentPostprocessing = 0;
		};
		85119C031A10EE1800671C9F /* Frameworks */ = {
			isa = PBXFrameworksBuildPhase;
			buildActionMask = 2147483647;
			files = (
			);
			runOnlyForDeploymentPostprocessing = 0;
		};
/* End PBXFrameworksBuildPhase section */

/* Begin PBXGroup section */
		85119BE41A10EE1800671C9F = {
			isa = PBXGroup;
			children = (
				85119BEF1A10EE1800671C9F /* HugoApp */,
				85119C091A10EE1800671C9F /* HugoAppTests */,
				85119BEE1A10EE1800671C9F /* Products */,
			);
			sourceTree = "<group>";
		};
		85119BEE1A10EE1800671C9F /* Products */ = {
			isa = PBXGroup;
			children = (
				85119BED1A10EE1800671C9F /* HugoApp.app */,
				85119C061A10EE1800671C9F /* HugoAppTests.xctest */,
			);
			name = Products;
			sourceTree = "<group>";
		};
		85119BEF1A10EE1800671C9F /* HugoApp */ = {
			isa = PBXGroup;
			children = (
				85119BF41A10EE1800671C9F /* AppDelegate.h */,
				85119BF51A10EE1800671C9F /* AppDelegate.m */,
				85119BF71A10EE1800671C9F /* ViewController.h */,
				85119BF81A10EE1800671C9F /* ViewController.m */,
				85119BFA1A10EE1800671C9F /* Main.storyboard */,
				85119BFD1A10EE1800671C9F /* Images.xcassets */,
				85119BFF1A10EE1800671C9F /* LaunchScreen.xib */,
				85119BF01A10EE1800671C9F /* Supporting Files */,
			);
			path = HugoApp;
			sourceTree = "<group>";
		};
		85119BF01A10EE1800671C9F /* Supporting Files */ = {
			isa = PBXGroup;
			children = (
				85119BF11A10EE1800671C9F /* Info.plist */,
				85119BF21A10EE1800671C9F /* main.m */,
			);
			name = "Supporting Files";
			sourceTree = "<group>";
		};
		85119C091A10EE1800671C9F /* HugoAppTests */ = {
			isa = PBXGroup;
			children = (
				85119C0C1A10EE1800671C9F /* HugoAppTests.m */,
				85119C0A1A10EE1800671C9F /* Supporting Files */,
			);
			path = HugoAppTests;
			sourceTree = "<group>";
		};
		85119C0A1A10EE1800671C9F /* Supporting Files */ = {
			isa = PBXGroup;
			children = (
				85119C0B1A10EE1800671C9F /* Info.plist */,
			);
			name = "Supporting Files";
			sourceTree = "<group>";
		};
/* End PBXGroup section */

/* Begin PBXNativeTarget section */
		85119BEC1A10EE1800671C9F /* HugoApp */ = {
			isa = PBXNativeTarget;
			buildConfigurationList = 85119C101A10EE1800671C9F /* Build configuration list for PBXNativeTarget "HugoApp" */;
			buildPhases = (
				85119BE91A10EE1800671C9F /* Sources */,
				85119BEA1A10EE1800671C9F /* Frameworks */,
				85119BEB1A10EE1800671C9F /* Resources */,
			);
			buildRules = (
			);
			dependencies = (
			);
			name = HugoApp;
			productName = HugoApp;
			productReference = 85119BED1A10EE1800671C9F /* HugoApp.app */;
			productType = "com.apple.product-type.application";
		};
		85119C051A10EE1800671C9F /* HugoAppTests */ = {
			isa = PBXNativeTarget;
			buildConfigurationList = 85119C131A10EE1800671C9F /* Build configuration list for PBXNativeTarget "HugoAppTests" */;
			buildPhases = (
				85119C021A10EE1800671C9F /* Sources */,
				85119C031A10EE1800671C9F /* Frameworks */,
				85119C041A10EE1800671C9F /* Resources */,
			);
			buildRules = (
			);
			dependencies = (
				85119C081A10EE1800671C9F /* PBXTargetDependency */,
			);
			name = HugoAppTests;
			productName = HugoAppTests;
			productReference = 85119C061A10EE1800671C9F /* HugoAppTests.xctest */;
			productType = "com.apple.product-type.bundle.unit-test";
		};
/* End PBXNativeTarget section */

/* Begin PBXProject section */
		85119BE51A10EE1800671C9F /* Project object */ = {
			isa = PBXProject;
			attributes = {
				LastUpgradeCheck = 0610;
				ORGANIZATIONNAME = "Niklas Dohmen";
				TargetAttributes = {
					85119BEC1A10EE1800671C9F = {
						CreatedOnToolsVersion = 6.1;
					};
					85119C051A10EE1800671C9F = {
						CreatedOnToolsVersion = 6.1;
						TestTargetID = 85119BEC1A10EE1800671C9F;
					};
				};
			};
			buildConfigurationList = 85119BE81A10EE1800671C9F /* Build configuration list for PBXProject "HugoApp" */;
			compatibilityVersion = "Xcode 3.2";
			developmentRegion = English;
			hasScannedForEncodings = 0;
			knownRegions = (
				en,
				Base,
			);
			mainGroup = 85119BE41A10EE1800671C9F;
			productRefGroup = 85119BEE1A10EE1800671C9F /* Products */;
			projectDirPath = "";
			projectRoot = "";
			targets = (
				85119BEC1A10EE1800671C9F /* HugoApp */,
				85119C051A10EE1800671C9F /* HugoAppTests */,
			);
		};
/* End PBXProject section */

/* Begin PBXResourcesBuildPhase section */
		85119BEB1A10EE1800671C9F /* Resources */ = {
			isa = PBXResourcesBuildPhase;
			buildActionMask = 2147483647;
			files = (
				85119BFC1A10EE1800671C9F /* Main.storyboard in Resources */,
				85119C011A10EE1800671C9F /* LaunchScreen.xib in Resources */,
				85119BFE1A10EE1800671C9F /* Images.xcassets in Resources */,
			);
			runOnlyForDeploymentPostprocessing = 0;
		};
		85119C041A10EE1800671C9F /* Resources */ = {
			isa = PBXResourcesBuildPhase;
			buildActionMask = 2147483647;
			files = (
			);
			runOnlyForDeploymentPostprocessing = 0;
		};
/* End PBXResourcesBuildPhase section */

/* Begin PBXSourcesBuildPhase section */
		85119BE91A10EE1800671C9F /* Sources */ = {
			isa = PBXSourcesBuildPhase;
			buildActionMask = 2147483647;
			files = (
				85119BF91A10EE1800671C9F /* ViewController.m in Sources */,
				85119BF61A10EE1800671C9F /* AppDelegate.m in Sources */,
				85119BF31A10EE1800671C9F /* main.m in Sources */,
			);
			runOnlyForDeploymentPostprocessing = 0;
		};
		85119C021A10EE1800671C9F /* Sources */ = {
			isa = PBXSourcesBuildPhase;
			buildActionMask = 2147483647;
			files = (
				85119C0D1A10EE1800671C9F /* HugoAppTests.m in Sources */,
			);
			runOnlyForDeploymentPostprocessing = 0;
		};
/* End PBXSourcesBuildPhase section */

/* Begin PBXTargetDependency section */
		85119C081A10EE1800671C9F /* PBXTargetDependency */ = {
			isa = PBXTargetDependency;
			target = 85119BEC1A10EE1800671C9F /* HugoApp */;
			targetProxy = 85119C071A10EE1800671C9F /* PBXContainerItemProxy */;
		};
/* End PBXTargetDependency section */

/* Begin PBXVariantGroup section */
		85119BFA1A10EE1800671C9F /* Main.storyboard */ = {
			isa = PBXVariantGroup;
			children = (
				85119BFB1A10EE1800671C9F /* Base */,
			);
			name = Main.storyboard;
			sourceTree = "<group>";
		};
		85119BFF1A10EE1800671C9F /* LaunchScreen.xib */ = {
			isa = PBXVariantGroup;
			children = (
				85119C001A10EE1800671C9F /* Base */,
			);
			name = LaunchScreen.xib;
			sourceTree = "<group>";
		};
/* End PBXVariantGroup section */

/* Begin XCBuildConfiguration section */
		85119C0E1A10EE1800671C9F /* Debug */ = {
			isa = XCBuildConfiguration;
			buildSettings = {
				ALWAYS_SEARCH_USER_PATHS = NO;
				CLANG_CXX_LANGUAGE_STANDARD = "gnu++0x";
				CLANG_CXX_LIBRARY = "libc++";
				CLANG_ENABLE_MODULES = YES;
				CLANG_ENABLE_OBJC_ARC = YES;
				CLANG_WARN_BOOL_CONVERSION = YES;
				CLANG_WARN_CONSTANT_CONVERSION = YES;
				CLANG_WARN_DIRECT_OBJC_ISA_USAGE = YES_ERROR;
				CLANG_WARN_EMPTY_BODY = YES;
				CLANG_WARN_ENUM_CONVERSION = YES;
				CLANG_WARN_INT_CONVERSION = YES;
				CLANG_WARN_OBJC_ROOT_CLASS = YES_ERROR;
				CLANG_WARN_UNREACHABLE_CODE = YES;
				CLANG_WARN__DUPLICATE_METHOD_MATCH = YES;
				"CODE_SIGN_IDENTITY[sdk=iphoneos*]" = "iPhone Developer";
				COPY_PHASE_STRIP = NO;
				ENABLE_STRICT_OBJC_MSGSEND = YES;
				GCC_C_LANGUAGE_STANDARD = gnu99;
				GCC_DYNAMIC_NO_PIC = NO;
				GCC_OPTIMIZATION_LEVEL = 0;
				GCC_PREPROCESSOR_DEFINITIONS = (
					"DEBUG=1",
					"$(inherited)",
				);
				GCC_SYMBOLS_PRIVATE_EXTERN = NO;
				GCC_WARN_64_TO_32_BIT_CONVERSION = YES;
				GCC_WARN_ABOUT_RETURN_TYPE = YES_ERROR;
				GCC_WARN_UNDECLARED_SELECTOR = YES;
				GCC_WARN_UNINITIALIZED_AUTOS = YES_AGGRESSIVE;
				GCC_WARN_UNUSED_FUNCTION = YES;
				GCC_WARN_UNUSED_VARIABLE = YES;
				IPHONEOS_DEPLOYMENT_TARGET = 8.1;
				MTL_ENABLE_DEBUG_INFO = YES;
				ONLY_ACTIVE_ARCH = YES;
				SDKROOT = iphoneos;
				TARGETED_DEVICE_FAMILY = "1,2";
			};
			name = Debug;
		};
		85119C0F1A10EE1800671C9F /* Release */ = {
			isa = XCBuildConfiguration;
			buildSettings = {
				ALWAYS_SEARCH_USER_PATHS = NO;
				CLANG_CXX_LANGUAGE_STANDARD = "gnu++0x";
				CLANG_CXX_LIBRARY = "libc++";
				CLANG_ENABLE_MODULES = YES;
				CLANG_ENABLE_OBJC_ARC = YES;
				CLANG_WARN_BOOL_CONVERSION = YES;
				CLANG_WARN_CONSTANT_CONVERSION = YES;
				CLANG_WARN_DIRECT_OBJC_ISA_USAGE = YES_ERROR;
				CLANG_WARN_EMPTY_BODY = YES;
				CLANG_WARN_ENUM_CONVERSION = YES;
				CLANG_WARN_INT_CONVERSION = YES;
				CLANG_WARN_OBJC_ROOT_CLASS = YES_ERROR;
				CLANG_WARN_UNREACHABLE_CODE = YES;
				CLANG_WARN__DUPLICATE_METHOD_MATCH = YES;
				"CODE_SIGN_IDENTITY[sdk=iphoneos*]" = "iPhone Developer";
				COPY_PHASE_STRIP = YES;
				ENABLE_NS_ASSERTIONS = NO;
				ENABLE_STRICT_OBJC_MSGSEND = YES;
				GCC_C_LANGUAGE_STANDARD = gnu99;
				GCC_WARN_64_TO_32_BIT_CONVERSION = YES;
				GCC_WARN_ABOUT_RETURN_TYPE = YES_ERROR;
				GCC_WARN_UNDECLARED_SELECTOR = YES;
				GCC_WARN_UNINITIALIZED_AUTOS = YES_AGGRESSIVE;
				GCC_WARN_UNUSED_FUNCTION = YES;
				GCC_WARN_UNUSED_VARIABLE = YES;
				IPHONEOS_DEPLOYMENT_TARGET = 8.1;
				MTL_ENABLE_DEBUG_INFO = NO;
				SDKROOT = iphoneos;
				TARGETED_DEVICE_FAMILY = "1,2";
				VALIDATE_PRODUCT = YES;
			};
			name = Release;
		};
		85119C111A10EE1800671C9F /* Debug */ = {
			isa = XCBuildConfiguration;
			buildSettings = {
				ASSETCATALOG_COMPILER_APPICON_NAME = AppIcon;
				INFOPLIST_FILE = HugoApp/Info.plist;
				LD_RUNPATH_SEARCH_PATHS = "$(inherited) @executable_path/Frameworks";
				PRODUCT_NAME = "$(TARGET_NAME)";
			};
			name = Debug;
		};
		85119C121A10EE1800671C9F /* Release */ = {
			isa = XCBuildConfiguration;
			buildSettings = {
				ASSETCATALOG_COMPILER_APPICON_NAME = AppIcon;
				INFOPLIST_FILE = HugoApp/Info.plist;
				LD_RUNPATH_SEARCH_PATHS = "$(inherited) @executable_path/Frameworks";
				PRODUCT_NAME = "$(TARGET_NAME)";
			};
			name = Release;
		};
		85119C141A10EE1800671C9F /* Debug */ = {
			isa = XCBuildConfiguration;
			buildSettings = {
				BUNDLE_LOADER = "$(TEST_HOST)";
				FRAMEWORK_SEARCH_PATHS = (
					"$(SDKROOT)/Developer/Library/Frameworks",
					"$(inherited)",
				);
				GCC_PREPROCESSOR_DEFINITIONS = (
					"DEBUG=1",
					"$(inherited)",
				);
				INFOPLIST_FILE = HugoAppTests/Info.plist;
				LD_RUNPATH_SEARCH_PATHS = "$(inherited) @executable_path/Frameworks @loader_path/Frameworks";
				PRODUCT_NAME = "$(TARGET_NAME)";
				TEST_HOST = "$(BUILT_PRODUCTS_DIR)/HugoApp.app/HugoApp";
			};
			name = Debug;
		};
		85119C151A10EE1800671C9F /* Release */ = {
			isa = XCBuildConfiguration;
			buildSettings = {
				BUNDLE_LOADER = "$(TEST_HOST)";
				FRAMEWORK_SEARCH_PATHS = (
					"$(SDKROOT)/Developer/Library/Frameworks",
					"$(inherited)",
				);
				INFOPLIST_FILE = HugoAppTests/Info.plist;
				LD_RUNPATH_SEARCH_PATHS = "$(inherited) @executable_path/Frameworks @loader_path/Frameworks";
				PRODUCT_NAME = "$(TARGET_NAME)";
				TEST_HOST = "$(BUILT_PRODUCTS_DIR)/HugoApp.app/HugoApp";
			};
			name = Release;
		};
/* End XCBuildConfiguration section */

/* Begin XCConfigurationList section */
		85119BE81A10EE1800671C9F /* Build configuration list for PBXProject "HugoApp" */ = {
			isa = XCConfigurationList;
			buildConfigurations = (
				85119C0E1A10EE1800671C9F /* Debug */,
				85119C0F1A10EE1800671C9F /* Release */,
			);
			defaultConfigurationIsVisible = 0;
			defaultConfigurationName = Release;
		};
		85119C101A10EE1800671C9F /* Build configuration list for PBXNativeTarget "HugoApp" */ = {
			isa = XCConfigurationList;
			buildConfigurations = (
				85119C111A10EE1800671C9F /* Debug */,
				85119C121A10EE1800671C9F /* Release */,
			);
			defaultConfigurationIsVisible = 0;
		};
		85119C131A10EE1800671C9F /* Build configuration list for PBXNativeTarget "HugoAppTests" */ = {
			isa = XCConfigurationList;
			buildConfigurations = (
				85119C141A10EE1800671C9F /* Debug */,
				85119C151A10EE1800671C9F /* Release */,
			);
			defaultConfigurationIsVisible = 0;
		};
/* End XCConfigurationList section */
	};
	rootObject = 85119BE51A10EE1800671C9F /* Project object */;
}
